
Microsoft Visual Studio Solution File, Format Version 12.00
# Visual Studio 15
VisualStudioVersion = 15.0.27130.2024
MinimumVisualStudioVersion = 10.0.40219.1
Project("{FAE04EC0-301F-11D3-BF4B-00C04F79EFBC}") = "Problem05CharacterStats", "Problem05CharacterStats\Problem05CharacterStats.csproj", "{BB44C99F-C759-4781-AF3D-2E39CADD6D36}"
EndProject
Global
	GlobalSection(SolutionConfigurationPlatforms) = preSolution
		Debug|Any CPU = Debug|Any CPU
		Release|Any CPU = Release|Any CPU
	EndGlobalSection
	GlobalSection(ProjectConfigurationPlatforms) = postSolution
		{BB44C99F-C759-4781-AF3D-2E39CADD6D36}.Debug|Any CPU.ActiveCfg = Debug|Any CPU
		{BB44C99F-C759-4781-AF3D-2E39CADD6D36}.Debug|Any CPU.Build.0 = Debug|Any CPU
		{BB44C99F-C759-4781-AF3D-2E39CADD6D36}.Release|Any CPU.ActiveCfg = Release|Any CPU
		{BB44C99F-C759-4781-AF3D-2E39CADD6D36}.Release|Any CPU.Build.0 = Release|Any CPU
	EndGlobalSection
	GlobalSection(SolutionProperties) = preSolution
		HideSolutionNode = FALSE
	EndGlobalSection
	GlobalSection(ExtensibilityGlobals) = postSolution
		SolutionGuid = {7F7A5B24-5328-4996-919F-9B30D15EFAD4}
	EndGlobalSection
EndGlobal
